PODS:
  - Capacitor (5.0.4):
    - CapacitorCordova
  - CapacitorCamera (5.0.2):
    - Capacitor
  - CapacitorCordova (5.0.4)
  - CapacitorNativeBiometric (0.0.1):
    - Capacitor

DEPENDENCIES:
  - "Capacitor (from `../../node_modules/@capacitor/ios`)"
  - "CapacitorCamera (from `../../node_modules/@capacitor/camera`)"
  - "CapacitorCordova (from `../../node_modules/@capacitor/ios`)"
  - CapacitorNativeBiometric (from `../../node_modules/capacitor-native-biometric`)

EXTERNAL SOURCES:
  Capacitor:
    :path: "../../node_modules/@capacitor/ios"
  CapacitorCamera:
    :path: "../../node_modules/@capacitor/camera"
  CapacitorCordova:
    :path: "../../node_modules/@capacitor/ios"
  CapacitorNativeBiometric:
    :path: "../../node_modules/capacitor-native-biometric"

SPEC CHECKSUMS:
  Capacitor: d3d4463573438b9fa65326d1f3549da6f4c21634
  CapacitorCamera: 15face5f9e030e480929a2c989deaaf3eb0d3947
  CapacitorCordova: b1fe6bf1f36974a8e4a9044b342d22d49c0996d6
  CapacitorNativeBiometric: b47637a8cd349bdac014424bb4ddcae9ee5d4919

PODFILE CHECKSUM: 93b1bf646a8edb581fa1a4e0b792b7818fb3bdf9

COCOAPODS: 1.12.0
